
Microsoft Visual Studio Solution File, Format Version 11.00
# Visual Studio 2010
Project("{8BC9CEB8-8B4A-11D0-8D11-00A0C91BC942}") = "PathFinder", "PathFinder\PathFinder.vcxproj", "{A6CC89F1-C7EF-49DE-BA31-04AD032C70D6}"
EndProject
Global
	GlobalSection(SolutionConfigurationPlatforms) = preSolution
		Debug|Win32 = Debug|Win32
		Release|Win32 = Release|Win32
	EndGlobalSection
	GlobalSection(ProjectConfigurationPlatforms) = postSolution
		{A6CC89F1-C7EF-49DE-BA31-04AD032C70D6}.Debug|Win32.ActiveCfg = Debug|x64
		{A6CC89F1-C7EF-49DE-BA31-04AD032C70D6}.Debug|Win32.Build.0 = Debug|x64
		{A6CC89F1-C7EF-49DE-BA31-04AD032C70D6}.Release|Win32.ActiveCfg = Release|Win32
		{A6CC89F1-C7EF-49DE-BA31-04AD032C70D6}.Release|Win32.Build.0 = Release|Win32
	EndGlobalSection
	GlobalSection(SolutionProperties) = preSolution
		HideSolutionNode = FALSE
	EndGlobalSection
EndGlobal
